
Microsoft Visual Studio Solution File, Format Version 12.00
# Visual Studio Version 17
VisualStudioVersion = 17.5.33530.505
MinimumVisualStudioVersion = 10.0.40219.1
Project("{9A19103F-16F7-4668-BE54-9A1E7A4F7556}") = "Owoce", "Owoce\Owoce.csproj", "{8BFCE4C8-DB41-480A-BB4A-4FE25E2892F0}"
EndProject
Project("{FAE04EC0-301F-11D3-BF4B-00C04F79EFBC}") = "Owoce.Test", "Owoce.Test\Owoce.Test.csproj", "{5613F508-3A89-4BD2-9611-CAEE54494421}"
EndProject
Global
	GlobalSection(SolutionConfigurationPlatforms) = preSolution
		Debug|Any CPU = Debug|Any CPU
		Release|Any CPU = Release|Any CPU
	EndGlobalSection
	GlobalSection(ProjectConfigurationPlatforms) = postSolution
		{8BFCE4C8-DB41-480A-BB4A-4FE25E2892F0}.Debug|Any CPU.ActiveCfg = Debug|Any CPU
		{8BFCE4C8-DB41-480A-BB4A-4FE25E2892F0}.Debug|Any CPU.Build.0 = Debug|Any CPU
		{8BFCE4C8-DB41-480A-BB4A-4FE25E2892F0}.Release|Any CPU.ActiveCfg = Release|Any CPU
		{8BFCE4C8-DB41-480A-BB4A-4FE25E2892F0}.Release|Any CPU.Build.0 = Release|Any CPU
		{5613F508-3A89-4BD2-9611-CAEE54494421}.Debug|Any CPU.ActiveCfg = Debug|Any CPU
		{5613F508-3A89-4BD2-9611-CAEE54494421}.Debug|Any CPU.Build.0 = Debug|Any CPU
		{5613F508-3A89-4BD2-9611-CAEE54494421}.Release|Any CPU.ActiveCfg = Release|Any CPU
		{5613F508-3A89-4BD2-9611-CAEE54494421}.Release|Any CPU.Build.0 = Release|Any CPU
	EndGlobalSection
	GlobalSection(SolutionProperties) = preSolution
		HideSolutionNode = FALSE
	EndGlobalSection
	GlobalSection(ExtensibilityGlobals) = postSolution
		SolutionGuid = {A362AE93-D8B1-43BB-84EF-EACDDA9F3A26}
	EndGlobalSection
EndGlobal
